
Microsoft Visual Studio Solution File, Format Version 12.00
# Visual Studio 15
VisualStudioVersion = 15.0.26124.0
MinimumVisualStudioVersion = 15.0.26124.0
Project("{FAE04EC0-301F-11D3-BF4B-00C04F79EFBC}") = "PizzaStore.Client", "PizzaStore.Client\PizzaStore.Client.csproj", "{B81550C9-1C76-4322-9E68-9F257F706CDC}"
EndProject
Project("{FAE04EC0-301F-11D3-BF4B-00C04F79EFBC}") = "PizzaStore.Domain", "PizzaStore.Domain\PizzaStore.Domain.csproj", "{4040E00B-331E-414F-A5D1-D622FA1DDCDB}"
EndProject
Project("{FAE04EC0-301F-11D3-BF4B-00C04F79EFBC}") = "PizzaStore.Testing", "PizzaStore.Testing\PizzaStore.Testing.csproj", "{5EF1D5B9-A968-422B-93BA-80417208C6B5}"
EndProject
Global
	GlobalSection(SolutionConfigurationPlatforms) = preSolution
		Debug|Any CPU = Debug|Any CPU
		Debug|x64 = Debug|x64
		Debug|x86 = Debug|x86
		Release|Any CPU = Release|Any CPU
		Release|x64 = Release|x64
		Release|x86 = Release|x86
	EndGlobalSection
	GlobalSection(SolutionProperties) = preSolution
		HideSolutionNode = FALSE
	EndGlobalSection
	GlobalSection(ProjectConfigurationPlatforms) = postSolution
		{B81550C9-1C76-4322-9E68-9F257F706CDC}.Debug|Any CPU.ActiveCfg = Debug|Any CPU
		{B81550C9-1C76-4322-9E68-9F257F706CDC}.Debug|Any CPU.Build.0 = Debug|Any CPU
		{B81550C9-1C76-4322-9E68-9F257F706CDC}.Debug|x64.ActiveCfg = Debug|Any CPU
		{B81550C9-1C76-4322-9E68-9F257F706CDC}.Debug|x64.Build.0 = Debug|Any CPU
		{B81550C9-1C76-4322-9E68-9F257F706CDC}.Debug|x86.ActiveCfg = Debug|Any CPU
		{B81550C9-1C76-4322-9E68-9F257F706CDC}.Debug|x86.Build.0 = Debug|Any CPU
		{B81550C9-1C76-4322-9E68-9F257F706CDC}.Release|Any CPU.ActiveCfg = Release|Any CPU
		{B81550C9-1C76-4322-9E68-9F257F706CDC}.Release|Any CPU.Build.0 = Release|Any CPU
		{B81550C9-1C76-4322-9E68-9F257F706CDC}.Release|x64.ActiveCfg = Release|Any CPU
		{B81550C9-1C76-4322-9E68-9F257F706CDC}.Release|x64.Build.0 = Release|Any CPU
		{B81550C9-1C76-4322-9E68-9F257F706CDC}.Release|x86.ActiveCfg = Release|Any CPU
		{B81550C9-1C76-4322-9E68-9F257F706CDC}.Release|x86.Build.0 = Release|Any CPU
		{4040E00B-331E-414F-A5D1-D622FA1DDCDB}.Debug|Any CPU.ActiveCfg = Debug|Any CPU
		{4040E00B-331E-414F-A5D1-D622FA1DDCDB}.Debug|Any CPU.Build.0 = Debug|Any CPU
		{4040E00B-331E-414F-A5D1-D622FA1DDCDB}.Debug|x64.ActiveCfg = Debug|Any CPU
		{4040E00B-331E-414F-A5D1-D622FA1DDCDB}.Debug|x64.Build.0 = Debug|Any CPU
		{4040E00B-331E-414F-A5D1-D622FA1DDCDB}.Debug|x86.ActiveCfg = Debug|Any CPU
		{4040E00B-331E-414F-A5D1-D622FA1DDCDB}.Debug|x86.Build.0 = Debug|Any CPU
		{4040E00B-331E-414F-A5D1-D622FA1DDCDB}.Release|Any CPU.ActiveCfg = Release|Any CPU
		{4040E00B-331E-414F-A5D1-D622FA1DDCDB}.Release|Any CPU.Build.0 = Release|Any CPU
		{4040E00B-331E-414F-A5D1-D622FA1DDCDB}.Release|x64.ActiveCfg = Release|Any CPU
		{4040E00B-331E-414F-A5D1-D622FA1DDCDB}.Release|x64.Build.0 = Release|Any CPU
		{4040E00B-331E-414F-A5D1-D622FA1DDCDB}.Release|x86.ActiveCfg = Release|Any CPU
		{4040E00B-331E-414F-A5D1-D622FA1DDCDB}.Release|x86.Build.0 = Release|Any CPU
		{5EF1D5B9-A968-422B-93BA-80417208C6B5}.Debug|Any CPU.ActiveCfg = Debug|Any CPU
		{5EF1D5B9-A968-422B-93BA-80417208C6B5}.Debug|Any CPU.Build.0 = Debug|Any CPU
		{5EF1D5B9-A968-422B-93BA-80417208C6B5}.Debug|x64.ActiveCfg = Debug|Any CPU
		{5EF1D5B9-A968-422B-93BA-80417208C6B5}.Debug|x64.Build.0 = Debug|Any CPU
		{5EF1D5B9-A968-422B-93BA-80417208C6B5}.Debug|x86.ActiveCfg = Debug|Any CPU
		{5EF1D5B9-A968-422B-93BA-80417208C6B5}.Debug|x86.Build.0 = Debug|Any CPU
		{5EF1D5B9-A968-422B-93BA-80417208C6B5}.Release|Any CPU.ActiveCfg = Release|Any CPU
		{5EF1D5B9-A968-422B-93BA-80417208C6B5}.Release|Any CPU.Build.0 = Release|Any CPU
		{5EF1D5B9-A968-422B-93BA-80417208C6B5}.Release|x64.ActiveCfg = Release|Any CPU
		{5EF1D5B9-A968-422B-93BA-80417208C6B5}.Release|x64.Build.0 = Release|Any CPU
		{5EF1D5B9-A968-422B-93BA-80417208C6B5}.Release|x86.ActiveCfg = Release|Any CPU
		{5EF1D5B9-A968-422B-93BA-80417208C6B5}.Release|x86.Build.0 = Release|Any CPU
	EndGlobalSection
EndGlobal
